// !$*UTF8*$!
{
	archiveVersion = 1;
	classes = {
	};
	objectVersion = 50;
	objects = {

/* Begin PBXBuildFile section */
		D631BE70275AC94500E7F394 /* AppDelegate.swift in Sources */ = {isa = PBXBuildFile; fileRef = D631BE6F275AC94500E7F394 /* AppDelegate.swift */; };
		D631BE72275AC94500E7F394 /* SceneDelegate.swift in Sources */ = {isa = PBXBuildFile; fileRef = D631BE71275AC94500E7F394 /* SceneDelegate.swift */; };
		D631BE79275AC94600E7F394 /* Assets.xcassets in Resources */ = {isa = PBXBuildFile; fileRef = D631BE78275AC94600E7F394 /* Assets.xcassets */; };
		D631BE7C275AC94600E7F394 /* LaunchScreen.storyboard in Resources */ = {isa = PBXBuildFile; fileRef = D631BE7A275AC94600E7F394 /* LaunchScreen.storyboard */; };
		D631BE89275ACB1B00E7F394 /* MainTableViewController.swift in Sources */ = {isa = PBXBuildFile; fileRef = D631BE87275ACB1B00E7F394 /* MainTableViewController.swift */; };
		D631BE8A275ACB1B00E7F394 /* MainTableViewController.xib in Resources */ = {isa = PBXBuildFile; fileRef = D631BE88275ACB1B00E7F394 /* MainTableViewController.xib */; };
		D631BE90275ACC2300E7F394 /* Network.swift in Sources */ = {isa = PBXBuildFile; fileRef = D631BE8F275ACC2300E7F394 /* Network.swift */; };
		D6A76E89275B2425007E02A6 /* GraphTableViewController.swift in Sources */ = {isa = PBXBuildFile; fileRef = D6A76E87275B2425007E02A6 /* GraphTableViewController.swift */; };
		D6A76E8A275B2425007E02A6 /* GraphTableViewController.xib in Resources */ = {isa = PBXBuildFile; fileRef = D6A76E88275B2425007E02A6 /* GraphTableViewController.xib */; };
		D6A76E8D275B2486007E02A6 /* GraphViewController.swift in Sources */ = {isa = PBXBuildFile; fileRef = D6A76E8C275B2486007E02A6 /* GraphViewController.swift */; };
		D6A76E93275B3839007E02A6 /* Prueba-NACH.pdf in Resources */ = {isa = PBXBuildFile; fileRef = D6A76E92275B3839007E02A6 /* Prueba-NACH.pdf */; };
		D6F3847E275AD8D40007408C /* UserNameCell.swift in Sources */ = {isa = PBXBuildFile; fileRef = D6F3847C275AD8D40007408C /* UserNameCell.swift */; };
		D6F3847F275AD8D40007408C /* UserNameCell.xib in Resources */ = {isa = PBXBuildFile; fileRef = D6F3847D275AD8D40007408C /* UserNameCell.xib */; };
		D6F38487275AD9310007408C /* TakeSelfieCell.swift in Sources */ = {isa = PBXBuildFile; fileRef = D6F38485275AD9310007408C /* TakeSelfieCell.swift */; };
		D6F38488275AD9310007408C /* TakeSelfieCell.xib in Resources */ = {isa = PBXBuildFile; fileRef = D6F38486275AD9310007408C /* TakeSelfieCell.xib */; };
		D6F3848E275AD9790007408C /* DescriptionCell.swift in Sources */ = {isa = PBXBuildFile; fileRef = D6F3848C275AD9790007408C /* DescriptionCell.swift */; };
		D6F3848F275AD9790007408C /* DescriptionCell.xib in Resources */ = {isa = PBXBuildFile; fileRef = D6F3848D275AD9790007408C /* DescriptionCell.xib */; };
		D6F38496275ADC9B0007408C /* PopupViewController.swift in Sources */ = {isa = PBXBuildFile; fileRef = D6F38494275ADC9B0007408C /* PopupViewController.swift */; };
		D6F38497275ADC9B0007408C /* PopupViewController.xib in Resources */ = {isa = PBXBuildFile; fileRef = D6F38495275ADC9B0007408C /* PopupViewController.xib */; };
		D6F3849D275AF2A90007408C /* DoneCell.swift in Sources */ = {isa = PBXBuildFile; fileRef = D6F3849B275AF2A80007408C /* DoneCell.swift */; };
		D6F3849E275AF2A90007408C /* DoneCell.xib in Resources */ = {isa = PBXBuildFile; fileRef = D6F3849C275AF2A90007408C /* DoneCell.xib */; };
		D6F384A3275AF5A40007408C /* SearchResult.swift in Sources */ = {isa = PBXBuildFile; fileRef = D6F384A2275AF5A40007408C /* SearchResult.swift */; };
		D6F384A9275AF6B20007408C /* Overlay.swift in Sources */ = {isa = PBXBuildFile; fileRef = D6F384A8275AF6B20007408C /* Overlay.swift */; };
		D6F384AD275AF8010007408C /* UIView+extension.swift in Sources */ = {isa = PBXBuildFile; fileRef = D6F384AC275AF8010007408C /* UIView+extension.swift */; };
		D6F384B0275AF83A0007408C /* UIViewController+extension.swift in Sources */ = {isa = PBXBuildFile; fileRef = D6F384AF275AF83A0007408C /* UIViewController+extension.swift */; };
		D6F384B3275AF8D40007408C /* TableView.swift in Sources */ = {isa = PBXBuildFile; fileRef = D6F384B2275AF8D40007408C /* TableView.swift */; };
		D6F384B8275B16A00007408C /* GoogleService-Info.plist in Resources */ = {isa = PBXBuildFile; fileRef = D6F384B7275B16A00007408C /* GoogleService-Info.plist */; };
		D6F384D9275B20480007408C /* MainTable.swift in Sources */ = {isa = PBXBuildFile; fileRef = D6F384D8275B20480007408C /* MainTable.swift */; };
/* End PBXBuildFile section */

/* Begin PBXFileReference section */
		D631BE6C275AC94500E7F394 /* Prueba NACH.app */ = {isa = PBXFileReference; explicitFileType = wrapper.application; includeInIndex = 0; path = "Prueba NACH.app"; sourceTree = BUILT_PRODUCTS_DIR; };
		D631BE6F275AC94500E7F394 /* AppDelegate.swift */ = {isa = PBXFileReference; lastKnownFileType = sourcecode.swift; path = AppDelegate.swift; sourceTree = "<group>"; };
		D631BE71275AC94500E7F394 /* SceneDelegate.swift */ = {isa = PBXFileReference; lastKnownFileType = sourcecode.swift; path = SceneDelegate.swift; sourceTree = "<group>"; };
		D631BE78275AC94600E7F394 /* Assets.xcassets */ = {isa = PBXFileReference; lastKnownFileType = folder.assetcatalog; path = Assets.xcassets; sourceTree = "<group>"; };
		D631BE7B275AC94600E7F394 /* Base */ = {isa = PBXFileReference; lastKnownFileType = file.storyboard; name = Base; path = Base.lproj/LaunchScreen.storyboard; sourceTree = "<group>"; };
		D631BE7D275AC94600E7F394 /* Info.plist */ = {isa = PBXFileReference; lastKnownFileType = text.plist.xml; path = Info.plist; sourceTree = "<group>"; };
		D631BE87275ACB1B00E7F394 /* MainTableViewController.swift */ = {isa = PBXFileReference; lastKnownFileType = sourcecode.swift; path = MainTableViewController.swift; sourceTree = "<group>"; };
		D631BE88275ACB1B00E7F394 /* MainTableViewController.xib */ = {isa = PBXFileReference; lastKnownFileType = file.xib; path = MainTableViewController.xib; sourceTree = "<group>"; };
		D631BE8F275ACC2300E7F394 /* Network.swift */ = {isa = PBXFileReference; lastKnownFileType = sourcecode.swift; path = Network.swift; sourceTree = "<group>"; };
		D6A76E87275B2425007E02A6 /* GraphTableViewController.swift */ = {isa = PBXFileReference; lastKnownFileType = sourcecode.swift; path = GraphTableViewController.swift; sourceTree = "<group>"; };
		D6A76E88275B2425007E02A6 /* GraphTableViewController.xib */ = {isa = PBXFileReference; lastKnownFileType = file.xib; path = GraphTableViewController.xib; sourceTree = "<group>"; };
		D6A76E8C275B2486007E02A6 /* GraphViewController.swift */ = {isa = PBXFileReference; lastKnownFileType = sourcecode.swift; path = GraphViewController.swift; sourceTree = "<group>"; };
		D6A76E92275B3839007E02A6 /* Prueba-NACH.pdf */ = {isa = PBXFileReference; lastKnownFileType = image.pdf; path = "Prueba-NACH.pdf"; sourceTree = "<group>"; };
		D6F3847C275AD8D40007408C /* UserNameCell.swift */ = {isa = PBXFileReference; lastKnownFileType = sourcecode.swift; path = UserNameCell.swift; sourceTree = "<group>"; };
		D6F3847D275AD8D40007408C /* UserNameCell.xib */ = {isa = PBXFileReference; lastKnownFileType = file.xib; path = UserNameCell.xib; sourceTree = "<group>"; };
		D6F38485275AD9310007408C /* TakeSelfieCell.swift */ = {isa = PBXFileReference; lastKnownFileType = sourcecode.swift; path = TakeSelfieCell.swift; sourceTree = "<group>"; };
		D6F38486275AD9310007408C /* TakeSelfieCell.xib */ = {isa = PBXFileReference; lastKnownFileType = file.xib; path = TakeSelfieCell.xib; sourceTree = "<group>"; };
		D6F3848C275AD9790007408C /* DescriptionCell.swift */ = {isa = PBXFileReference; lastKnownFileType = sourcecode.swift; path = DescriptionCell.swift; sourceTree = "<group>"; };
		D6F3848D275AD9790007408C /* DescriptionCell.xib */ = {isa = PBXFileReference; lastKnownFileType = file.xib; path = DescriptionCell.xib; sourceTree = "<group>"; };
		D6F38494275ADC9B0007408C /* PopupViewController.swift */ = {isa = PBXFileReference; lastKnownFileType = sourcecode.swift; path = PopupViewController.swift; sourceTree = "<group>"; };
		D6F38495275ADC9B0007408C /* PopupViewController.xib */ = {isa = PBXFileReference; lastKnownFileType = file.xib; path = PopupViewController.xib; sourceTree = "<group>"; };
		D6F3849B275AF2A80007408C /* DoneCell.swift */ = {isa = PBXFileReference; lastKnownFileType = sourcecode.swift; path = DoneCell.swift; sourceTree = "<group>"; };
		D6F3849C275AF2A90007408C /* DoneCell.xib */ = {isa = PBXFileReference; lastKnownFileType = file.xib; path = DoneCell.xib; sourceTree = "<group>"; };
		D6F384A2275AF5A40007408C /* SearchResult.swift */ = {isa = PBXFileReference; lastKnownFileType = sourcecode.swift; path = SearchResult.swift; sourceTree = "<group>"; };
		D6F384A8275AF6B20007408C /* Overlay.swift */ = {isa = PBXFileReference; lastKnownFileType = sourcecode.swift; path = Overlay.swift; sourceTree = "<group>"; };
		D6F384AC275AF8010007408C /* UIView+extension.swift */ = {isa = PBXFileReference; lastKnownFileType = sourcecode.swift; path = "UIView+extension.swift"; sourceTree = "<group>"; };
		D6F384AF275AF83A0007408C /* UIViewController+extension.swift */ = {isa = PBXFileReference; lastKnownFileType = sourcecode.swift; path = "UIViewController+extension.swift"; sourceTree = "<group>"; };
		D6F384B2275AF8D40007408C /* TableView.swift */ = {isa = PBXFileReference; lastKnownFileType = sourcecode.swift; path = TableView.swift; sourceTree = "<group>"; };
		D6F384B7275B16A00007408C /* GoogleService-Info.plist */ = {isa = PBXFileReference; fileEncoding = 4; lastKnownFileType = text.plist.xml; path = "GoogleService-Info.plist"; sourceTree = "<group>"; };
		D6F384D8275B20480007408C /* MainTable.swift */ = {isa = PBXFileReference; lastKnownFileType = sourcecode.swift; path = MainTable.swift; sourceTree = "<group>"; };
/* End PBXFileReference section */

/* Begin PBXFrameworksBuildPhase section */
		D631BE69275AC94500E7F394 /* Frameworks */ = {
			isa = PBXFrameworksBuildPhase;
			buildActionMask = 2147483647;
			files = (
			);
			runOnlyForDeploymentPostprocessing = 0;
		};
/* End PBXFrameworksBuildPhase section */

/* Begin PBXGroup section */
		58F151CE4A2C50308807EBB7 /* Pods */ = {
			isa = PBXGroup;
			children = (
			);
			path = Pods;
			sourceTree = "<group>";
		};
		D631BE63275AC94500E7F394 = {
			isa = PBXGroup;
			children = (
				D631BE6E275AC94500E7F394 /* Prueba NACH */,
				D631BE6D275AC94500E7F394 /* Products */,
				58F151CE4A2C50308807EBB7 /* Pods */,
			);
			sourceTree = "<group>";
		};
		D631BE6D275AC94500E7F394 /* Products */ = {
			isa = PBXGroup;
			children = (
				D631BE6C275AC94500E7F394 /* Prueba NACH.app */,
			);
			name = Products;
			sourceTree = "<group>";
		};
		D631BE6E275AC94500E7F394 /* Prueba NACH */ = {
			isa = PBXGroup;
			children = (
				D6A76E91275B3809007E02A6 /* Complemento */,
				D631BE6F275AC94500E7F394 /* AppDelegate.swift */,
				D631BE71275AC94500E7F394 /* SceneDelegate.swift */,
				D6F384A6275AF69D0007408C /* Resources */,
				D631BE8E275ACC1100E7F394 /* Network */,
				D6F384A1275AF58C0007408C /* Model */,
				D631BE86275ACB0100E7F394 /* View */,
				D631BE78275AC94600E7F394 /* Assets.xcassets */,
				D631BE7A275AC94600E7F394 /* LaunchScreen.storyboard */,
				D631BE7D275AC94600E7F394 /* Info.plist */,
			);
			path = "Prueba NACH";
			sourceTree = "<group>";
		};
		D631BE86275ACB0100E7F394 /* View */ = {
			isa = PBXGroup;
			children = (
				D6F3847B275AD8BE0007408C /* Cells */,
				D631BE87275ACB1B00E7F394 /* MainTableViewController.swift */,
				D631BE88275ACB1B00E7F394 /* MainTableViewController.xib */,
				D6F384D8275B20480007408C /* MainTable.swift */,
			);
			path = View;
			sourceTree = "<group>";
		};
		D631BE8E275ACC1100E7F394 /* Network */ = {
			isa = PBXGroup;
			children = (
				D631BE8F275ACC2300E7F394 /* Network.swift */,
			);
			path = Network;
			sourceTree = "<group>";
		};
		D6A76E85275B23F1007E02A6 /* Graph */ = {
			isa = PBXGroup;
			children = (
				D6A76E87275B2425007E02A6 /* GraphTableViewController.swift */,
				D6A76E88275B2425007E02A6 /* GraphTableViewController.xib */,
				D6A76E8C275B2486007E02A6 /* GraphViewController.swift */,
			);
			path = Graph;
			sourceTree = "<group>";
		};
		D6A76E91275B3809007E02A6 /* Complemento */ = {
			isa = PBXGroup;
			children = (
				D6A76E92275B3839007E02A6 /* Prueba-NACH.pdf */,
			);
			path = Complemento;
			sourceTree = "<group>";
		};
		D6F3847B275AD8BE0007408C /* Cells */ = {
			isa = PBXGroup;
			children = (
				D6F38482275AD90F0007408C /* UserName */,
				D6F38484275AD91A0007408C /* TakeSelfie */,
				D6F3848B275AD9650007408C /* Description */,
				D6F3849A275AF25A0007408C /* Done */,
			);
			path = Cells;
			sourceTree = "<group>";
		};
		D6F38482275AD90F0007408C /* UserName */ = {
			isa = PBXGroup;
			children = (
				D6F3847C275AD8D40007408C /* UserNameCell.swift */,
				D6F3847D275AD8D40007408C /* UserNameCell.xib */,
			);
			path = UserName;
			sourceTree = "<group>";
		};
		D6F38484275AD91A0007408C /* TakeSelfie */ = {
			isa = PBXGroup;
			children = (
				D6F38493275ADC810007408C /* PopUp */,
				D6F38485275AD9310007408C /* TakeSelfieCell.swift */,
				D6F38486275AD9310007408C /* TakeSelfieCell.xib */,
			);
			path = TakeSelfie;
			sourceTree = "<group>";
		};
		D6F3848B275AD9650007408C /* Description */ = {
			isa = PBXGroup;
			children = (
				D6A76E85275B23F1007E02A6 /* Graph */,
				D6F3848C275AD9790007408C /* DescriptionCell.swift */,
				D6F3848D275AD9790007408C /* DescriptionCell.xib */,
			);
			path = Description;
			sourceTree = "<group>";
		};
		D6F38493275ADC810007408C /* PopUp */ = {
			isa = PBXGroup;
			children = (
				D6F38494275ADC9B0007408C /* PopupViewController.swift */,
				D6F38495275ADC9B0007408C /* PopupViewController.xib */,
			);
			path = PopUp;
			sourceTree = "<group>";
		};
		D6F3849A275AF25A0007408C /* Done */ = {
			isa = PBXGroup;
			children = (
				D6F3849B275AF2A80007408C /* DoneCell.swift */,
				D6F3849C275AF2A90007408C /* DoneCell.xib */,
			);
			path = Done;
			sourceTree = "<group>";
		};
		D6F384A1275AF58C0007408C /* Model */ = {
			isa = PBXGroup;
			children = (
				D6F384A2275AF5A40007408C /* SearchResult.swift */,
			);
			path = Model;
			sourceTree = "<group>";
		};
		D6F384A6275AF69D0007408C /* Resources */ = {
			isa = PBXGroup;
			children = (
				D6F384C7275B17350007408C /* Firebase */,
				D6F384AB275AF7EC0007408C /* Extension */,
				D6F384A7275AF6A60007408C /* Overlay */,
				D6F384B2275AF8D40007408C /* TableView.swift */,
			);
			path = Resources;
			sourceTree = "<group>";
		};
		D6F384A7275AF6A60007408C /* Overlay */ = {
			isa = PBXGroup;
			children = (
				D6F384A8275AF6B20007408C /* Overlay.swift */,
			);
			path = Overlay;
			sourceTree = "<group>";
		};
		D6F384AB275AF7EC0007408C /* Extension */ = {
			isa = PBXGroup;
			children = (
				D6F384AC275AF8010007408C /* UIView+extension.swift */,
				D6F384AF275AF83A0007408C /* UIViewController+extension.swift */,
			);
			path = Extension;
			sourceTree = "<group>";
		};
		D6F384C7275B17350007408C /* Firebase */ = {
			isa = PBXGroup;
			children = (
				D6F384B7275B16A00007408C /* GoogleService-Info.plist */,
			);
			path = Firebase;
			sourceTree = "<group>";
		};
/* End PBXGroup section */

/* Begin PBXNativeTarget section */
		D631BE6B275AC94500E7F394 /* Prueba NACH */ = {
			isa = PBXNativeTarget;
			buildConfigurationList = D631BE80275AC94600E7F394 /* Build configuration list for PBXNativeTarget "Prueba NACH" */;
			buildPhases = (
				D631BE68275AC94500E7F394 /* Sources */,
				D631BE69275AC94500E7F394 /* Frameworks */,
				D631BE6A275AC94500E7F394 /* Resources */,
			);
			buildRules = (
			);
			dependencies = (
			);
			name = "Prueba NACH";
			productName = "Prueba NACH";
			productReference = D631BE6C275AC94500E7F394 /* Prueba NACH.app */;
			productType = "com.apple.product-type.application";
		};
/* End PBXNativeTarget section */

/* Begin PBXProject section */
		D631BE64275AC94500E7F394 /* Project object */ = {
			isa = PBXProject;
			attributes = {
				LastSwiftUpdateCheck = 1220;
				LastUpgradeCheck = 1220;
				TargetAttributes = {
					D631BE6B275AC94500E7F394 = {
						CreatedOnToolsVersion = 12.2;
					};
				};
			};
			buildConfigurationList = D631BE67275AC94500E7F394 /* Build configuration list for PBXProject "Prueba NACH" */;
			compatibilityVersion = "Xcode 9.3";
			developmentRegion = en;
			hasScannedForEncodings = 0;
			knownRegions = (
				en,
				Base,
			);
			mainGroup = D631BE63275AC94500E7F394;
			productRefGroup = D631BE6D275AC94500E7F394 /* Products */;
			projectDirPath = "";
			projectRoot = "";
			targets = (
				D631BE6B275AC94500E7F394 /* Prueba NACH */,
			);
		};
/* End PBXProject section */

/* Begin PBXResourcesBuildPhase section */
		D631BE6A275AC94500E7F394 /* Resources */ = {
			isa = PBXResourcesBuildPhase;
			buildActionMask = 2147483647;
			files = (
				D631BE8A275ACB1B00E7F394 /* MainTableViewController.xib in Resources */,
				D6A76E93275B3839007E02A6 /* Prueba-NACH.pdf in Resources */,
				D6F38488275AD9310007408C /* TakeSelfieCell.xib in Resources */,
				D6A76E8A275B2425007E02A6 /* GraphTableViewController.xib in Resources */,
				D6F384B8275B16A00007408C /* GoogleService-Info.plist in Resources */,
				D6F3847F275AD8D40007408C /* UserNameCell.xib in Resources */,
				D6F3849E275AF2A90007408C /* DoneCell.xib in Resources */,
				D6F38497275ADC9B0007408C /* PopupViewController.xib in Resources */,
				D631BE7C275AC94600E7F394 /* LaunchScreen.storyboard in Resources */,
				D6F3848F275AD9790007408C /* DescriptionCell.xib in Resources */,
				D631BE79275AC94600E7F394 /* Assets.xcassets in Resources */,
			);
			runOnlyForDeploymentPostprocessing = 0;
		};
/* End PBXResourcesBuildPhase section */

/* Begin PBXSourcesBuildPhase section */
		D631BE68275AC94500E7F394 /* Sources */ = {
			isa = PBXSourcesBuildPhase;
			buildActionMask = 2147483647;
			files = (
				D6F384B0275AF83A0007408C /* UIViewController+extension.swift in Sources */,
				D631BE89275ACB1B00E7F394 /* MainTableViewController.swift in Sources */,
				D6A76E89275B2425007E02A6 /* GraphTableViewController.swift in Sources */,
				D6F3848E275AD9790007408C /* DescriptionCell.swift in Sources */,
				D6F384A3275AF5A40007408C /* SearchResult.swift in Sources */,
				D6F3847E275AD8D40007408C /* UserNameCell.swift in Sources */,
				D6F3849D275AF2A90007408C /* DoneCell.swift in Sources */,
				D631BE70275AC94500E7F394 /* AppDelegate.swift in Sources */,
				D6F384AD275AF8010007408C /* UIView+extension.swift in Sources */,
				D631BE90275ACC2300E7F394 /* Network.swift in Sources */,
				D6F384B3275AF8D40007408C /* TableView.swift in Sources */,
				D6F384A9275AF6B20007408C /* Overlay.swift in Sources */,
				D6F38487275AD9310007408C /* TakeSelfieCell.swift in Sources */,
				D6F384D9275B20480007408C /* MainTable.swift in Sources */,
				D6A76E8D275B2486007E02A6 /* GraphViewController.swift in Sources */,
				D631BE72275AC94500E7F394 /* SceneDelegate.swift in Sources */,
				D6F38496275ADC9B0007408C /* PopupViewController.swift in Sources */,
			);
			runOnlyForDeploymentPostprocessing = 0;
		};
/* End PBXSourcesBuildPhase section */

/* Begin PBXVariantGroup section */
		D631BE7A275AC94600E7F394 /* LaunchScreen.storyboard */ = {
			isa = PBXVariantGroup;
			children = (
				D631BE7B275AC94600E7F394 /* Base */,
			);
			name = LaunchScreen.storyboard;
			sourceTree = "<group>";
		};
/* End PBXVariantGroup section */

/* Begin XCBuildConfiguration section */
		D631BE7E275AC94600E7F394 /* Debug */ = {
			isa = XCBuildConfiguration;
			buildSettings = {
				ALWAYS_SEARCH_USER_PATHS = NO;
				CLANG_ANALYZER_NONNULL = YES;
				CLANG_ANALYZER_NUMBER_OBJECT_CONVERSION = YES_AGGRESSIVE;
				CLANG_CXX_LANGUAGE_STANDARD = "gnu++14";
				CLANG_CXX_LIBRARY = "libc++";
				CLANG_ENABLE_MODULES = YES;
				CLANG_ENABLE_OBJC_ARC = YES;
				CLANG_ENABLE_OBJC_WEAK = YES;
				CLANG_WARN_BLOCK_CAPTURE_AUTORELEASING = YES;
				CLANG_WARN_BOOL_CONVERSION = YES;
				CLANG_WARN_COMMA = YES;
				CLANG_WARN_CONSTANT_CONVERSION = YES;
				CLANG_WARN_DEPRECATED_OBJC_IMPLEMENTATIONS = YES;
				CLANG_WARN_DIRECT_OBJC_ISA_USAGE = YES_ERROR;
				CLANG_WARN_DOCUMENTATION_COMMENTS = YES;
				CLANG_WARN_EMPTY_BODY = YES;
				CLANG_WARN_ENUM_CONVERSION = YES;
				CLANG_WARN_INFINITE_RECURSION = YES;
				CLANG_WARN_INT_CONVERSION = YES;
				CLANG_WARN_NON_LITERAL_NULL_CONVERSION = YES;
				CLANG_WARN_OBJC_IMPLICIT_RETAIN_SELF = YES;
				CLANG_WARN_OBJC_LITERAL_CONVERSION = YES;
				CLANG_WARN_OBJC_ROOT_CLASS = YES_ERROR;
				CLANG_WARN_QUOTED_INCLUDE_IN_FRAMEWORK_HEADER = YES;
				CLANG_WARN_RANGE_LOOP_ANALYSIS = YES;
				CLANG_WARN_STRICT_PROTOTYPES = YES;
				CLANG_WARN_SUSPICIOUS_MOVE = YES;
				CLANG_WARN_UNGUARDED_AVAILABILITY = YES_AGGRESSIVE;
				CLANG_WARN_UNREACHABLE_CODE = YES;
				CLANG_WARN__DUPLICATE_METHOD_MATCH = YES;
				COPY_PHASE_STRIP = NO;
				DEBUG_INFORMATION_FORMAT = dwarf;
				ENABLE_STRICT_OBJC_MSGSEND = YES;
				ENABLE_TESTABILITY = YES;
				GCC_C_LANGUAGE_STANDARD = gnu11;
				GCC_DYNAMIC_NO_PIC = NO;
				GCC_NO_COMMON_BLOCKS = YES;
				GCC_OPTIMIZATION_LEVEL = 0;
				GCC_PREPROCESSOR_DEFINITIONS = (
					"DEBUG=1",
					"$(inherited)",
				);
				GCC_WARN_64_TO_32_BIT_CONVERSION = YES;
				GCC_WARN_ABOUT_RETURN_TYPE = YES_ERROR;
				GCC_WARN_UNDECLARED_SELECTOR = YES;
				GCC_WARN_UNINITIALIZED_AUTOS = YES_AGGRESSIVE;
				GCC_WARN_UNUSED_FUNCTION = YES;
				GCC_WARN_UNUSED_VARIABLE = YES;
				IPHONEOS_DEPLOYMENT_TARGET = 14.2;
				MTL_ENABLE_DEBUG_INFO = INCLUDE_SOURCE;
				MTL_FAST_MATH = YES;
				ONLY_ACTIVE_ARCH = YES;
				SDKROOT = iphoneos;
				SWIFT_ACTIVE_COMPILATION_CONDITIONS = DEBUG;
				SWIFT_OPTIMIZATION_LEVEL = "-Onone";
			};
			name = Debug;
		};
		D631BE7F275AC94600E7F394 /* Release */ = {
			isa = XCBuildConfiguration;
			buildSettings = {
				ALWAYS_SEARCH_USER_PATHS = NO;
				CLANG_ANALYZER_NONNULL = YES;
				CLANG_ANALYZER_NUMBER_OBJECT_CONVERSION = YES_AGGRESSIVE;
				CLANG_CXX_LANGUAGE_STANDARD = "gnu++14";
				CLANG_CXX_LIBRARY = "libc++";
				CLANG_ENABLE_MODULES = YES;
				CLANG_ENABLE_OBJC_ARC = YES;
				CLANG_ENABLE_OBJC_WEAK = YES;
				CLANG_WARN_BLOCK_CAPTURE_AUTORELEASING = YES;
				CLANG_WARN_BOOL_CONVERSION = YES;
				CLANG_WARN_COMMA = YES;
				CLANG_WARN_CONSTANT_CONVERSION = YES;
				CLANG_WARN_DEPRECATED_OBJC_IMPLEMENTATIONS = YES;
				CLANG_WARN_DIRECT_OBJC_ISA_USAGE = YES_ERROR;
				CLANG_WARN_DOCUMENTATION_COMMENTS = YES;
				CLANG_WARN_EMPTY_BODY = YES;
				CLANG_WARN_ENUM_CONVERSION = YES;
				CLANG_WARN_INFINITE_RECURSION = YES;
				CLANG_WARN_INT_CONVERSION = YES;
				CLANG_WARN_NON_LITERAL_NULL_CONVERSION = YES;
				CLANG_WARN_OBJC_IMPLICIT_RETAIN_SELF = YES;
				CLANG_WARN_OBJC_LITERAL_CONVERSION = YES;
				CLANG_WARN_OBJC_ROOT_CLASS = YES_ERROR;
				CLANG_WARN_QUOTED_INCLUDE_IN_FRAMEWORK_HEADER = YES;
				CLANG_WARN_RANGE_LOOP_ANALYSIS = YES;
				CLANG_WARN_STRICT_PROTOTYPES = YES;
				CLANG_WARN_SUSPICIOUS_MOVE = YES;
				CLANG_WARN_UNGUARDED_AVAILABILITY = YES_AGGRESSIVE;
				CLANG_WARN_UNREACHABLE_CODE = YES;
				CLANG_WARN__DUPLICATE_METHOD_MATCH = YES;
				COPY_PHASE_STRIP = NO;
				DEBUG_INFORMATION_FORMAT = "dwarf-with-dsym";
				ENABLE_NS_ASSERTIONS = NO;
				ENABLE_STRICT_OBJC_MSGSEND = YES;
				GCC_C_LANGUAGE_STANDARD = gnu11;
				GCC_NO_COMMON_BLOCKS = YES;
				GCC_WARN_64_TO_32_BIT_CONVERSION = YES;
				GCC_WARN_ABOUT_RETURN_TYPE = YES_ERROR;
				GCC_WARN_UNDECLARED_SELECTOR = YES;
				GCC_WARN_UNINITIALIZED_AUTOS = YES_AGGRESSIVE;
				GCC_WARN_UNUSED_FUNCTION = YES;
				GCC_WARN_UNUSED_VARIABLE = YES;
				IPHONEOS_DEPLOYMENT_TARGET = 14.2;
				MTL_ENABLE_DEBUG_INFO = NO;
				MTL_FAST_MATH = YES;
				SDKROOT = iphoneos;
				SWIFT_COMPILATION_MODE = wholemodule;
				SWIFT_OPTIMIZATION_LEVEL = "-O";
				VALIDATE_PRODUCT = YES;
			};
			name = Release;
		};
		D631BE81275AC94600E7F394 /* Debug */ = {
			isa = XCBuildConfiguration;
			buildSettings = {
				ASSETCATALOG_COMPILER_APPICON_NAME = AppIcon;
				ASSETCATALOG_COMPILER_GLOBAL_ACCENT_COLOR_NAME = AccentColor;
				CODE_SIGN_STYLE = Automatic;
				DEVELOPMENT_TEAM = KU643D986T;
				INFOPLIST_FILE = "Prueba NACH/Info.plist";
				LD_RUNPATH_SEARCH_PATHS = (
					"$(inherited)",
					"@executable_path/Frameworks",
				);
				PRODUCT_BUNDLE_IDENTIFIER = jg.prueba.nach;
				PRODUCT_NAME = "$(TARGET_NAME)";
				SWIFT_VERSION = 5.0;
				TARGETED_DEVICE_FAMILY = "1,2";
			};
			name = Debug;
		};
		D631BE82275AC94600E7F394 /* Release */ = {
			isa = XCBuildConfiguration;
			buildSettings = {
				ASSETCATALOG_COMPILER_APPICON_NAME = AppIcon;
				ASSETCATALOG_COMPILER_GLOBAL_ACCENT_COLOR_NAME = AccentColor;
				CODE_SIGN_STYLE = Automatic;
				DEVELOPMENT_TEAM = KU643D986T;
				INFOPLIST_FILE = "Prueba NACH/Info.plist";
				LD_RUNPATH_SEARCH_PATHS = (
					"$(inherited)",
					"@executable_path/Frameworks",
				);
				PRODUCT_BUNDLE_IDENTIFIER = jg.prueba.nach;
				PRODUCT_NAME = "$(TARGET_NAME)";
				SWIFT_VERSION = 5.0;
				TARGETED_DEVICE_FAMILY = "1,2";
			};
			name = Release;
		};
/* End XCBuildConfiguration section */

/* Begin XCConfigurationList section */
		D631BE67275AC94500E7F394 /* Build configuration list for PBXProject "Prueba NACH" */ = {
			isa = XCConfigurationList;
			buildConfigurations = (
				D631BE7E275AC94600E7F394 /* Debug */,
				D631BE7F275AC94600E7F394 /* Release */,
			);
			defaultConfigurationIsVisible = 0;
			defaultConfigurationName = Release;
		};
		D631BE80275AC94600E7F394 /* Build configuration list for PBXNativeTarget "Prueba NACH" */ = {
			isa = XCConfigurationList;
			buildConfigurations = (
				D631BE81275AC94600E7F394 /* Debug */,
				D631BE82275AC94600E7F394 /* Release */,
			);
			defaultConfigurationIsVisible = 0;
			defaultConfigurationName = Release;
		};
/* End XCConfigurationList section */
	};
	rootObject = D631BE64275AC94500E7F394 /* Project object */;
}
